
Microsoft Visual Studio Solution File, Format Version 12.00
# Visual Studio Version 17
VisualStudioVersion = 17.14.36221.1 d17.14
MinimumVisualStudioVersion = 10.0.40219.1
Project("{FAE04EC0-301F-11D3-BF4B-00C04F79EFBC}") = "Trail_A", "Trail_A.csproj", "{412DA06F-0F95-4BC1-8AAA-869B0BA5CA6C}"
EndProject
Global
	GlobalSection(SolutionConfigurationPlatforms) = preSolution
		Debug|Any CPU = Debug|Any CPU
		Release|Any CPU = Release|Any CPU
	EndGlobalSection
	GlobalSection(ProjectConfigurationPlatforms) = postSolution
		{412DA06F-0F95-4BC1-8AAA-869B0BA5CA6C}.Debug|Any CPU.ActiveCfg = Debug|Any CPU
		{412DA06F-0F95-4BC1-8AAA-869B0BA5CA6C}.Debug|Any CPU.Build.0 = Debug|Any CPU
		{412DA06F-0F95-4BC1-8AAA-869B0BA5CA6C}.Release|Any CPU.ActiveCfg = Release|Any CPU
		{412DA06F-0F95-4BC1-8AAA-869B0BA5CA6C}.Release|Any CPU.Build.0 = Release|Any CPU
	EndGlobalSection
	GlobalSection(SolutionProperties) = preSolution
		HideSolutionNode = FALSE
	EndGlobalSection
	GlobalSection(ExtensibilityGlobals) = postSolution
		SolutionGuid = {B169576A-172A-4E7B-B09A-5BCB833FFE7E}
	EndGlobalSection
EndGlobal
